// !$*UTF8*$!
{
	archiveVersion = 1;
	classes = {
	};
	objectVersion = 50;
	objects = {

/* Begin PBXBuildFile section */
		F768773A23522D4A007E41A4 /* Data.swift in Sources */ = {isa = PBXBuildFile; fileRef = F768773723522D4A007E41A4 /* Data.swift */; };
		F768773B23522D4A007E41A4 /* landmarkData.json in Resources */ = {isa = PBXBuildFile; fileRef = F768773823522D4A007E41A4 /* landmarkData.json */; };
		F768773E23522DDA007E41A4 /* Landmark.swift in Sources */ = {isa = PBXBuildFile; fileRef = F768773D23522DDA007E41A4 /* Landmark.swift */; };
		F768774023522E63007E41A4 /* LandmarkDetail.swift in Sources */ = {isa = PBXBuildFile; fileRef = F768773F23522E63007E41A4 /* LandmarkDetail.swift */; };
		F768774323522EE6007E41A4 /* LandmarkRow.swift in Sources */ = {isa = PBXBuildFile; fileRef = F768774223522EE6007E41A4 /* LandmarkRow.swift */; };
		F7687768235236AF007E41A4 /* LandmarkList.swift in Sources */ = {isa = PBXBuildFile; fileRef = F7687767235236AF007E41A4 /* LandmarkList.swift */; };
		F768777B23523960007E41A4 /* turtlerock_feature.jpg in Resources */ = {isa = PBXBuildFile; fileRef = F768776A23523960007E41A4 /* turtlerock_feature.jpg */; };
		F768777C23523960007E41A4 /* charleyrivers.jpg in Resources */ = {isa = PBXBuildFile; fileRef = F768776B23523960007E41A4 /* charleyrivers.jpg */; };
		F768777D23523960007E41A4 /* turtlerock.jpg in Resources */ = {isa = PBXBuildFile; fileRef = F768776C23523960007E41A4 /* turtlerock.jpg */; };
		F768777E23523960007E41A4 /* silversalmoncreek.jpg in Resources */ = {isa = PBXBuildFile; fileRef = F768776D23523960007E41A4 /* silversalmoncreek.jpg */; };
		F768777F23523960007E41A4 /* hikeData.json in Resources */ = {isa = PBXBuildFile; fileRef = F768776E23523960007E41A4 /* hikeData.json */; };
		F768778023523960007E41A4 /* icybay.jpg in Resources */ = {isa = PBXBuildFile; fileRef = F768776F23523960007E41A4 /* icybay.jpg */; };
		F768778123523960007E41A4 /* lakemcdonald.jpg in Resources */ = {isa = PBXBuildFile; fileRef = F768777023523960007E41A4 /* lakemcdonald.jpg */; };
		F768778223523960007E41A4 /* hiddenlake.jpg in Resources */ = {isa = PBXBuildFile; fileRef = F768777123523960007E41A4 /* hiddenlake.jpg */; };
		F768778323523960007E41A4 /* twinlake.jpg in Resources */ = {isa = PBXBuildFile; fileRef = F768777223523960007E41A4 /* twinlake.jpg */; };
		F768778423523960007E41A4 /* charleyrivers_feature.jpg in Resources */ = {isa = PBXBuildFile; fileRef = F768777323523960007E41A4 /* charleyrivers_feature.jpg */; };
		F768778523523960007E41A4 /* umbagog.jpg in Resources */ = {isa = PBXBuildFile; fileRef = F768777423523960007E41A4 /* umbagog.jpg */; };
		F768778723523960007E41A4 /* chincoteague.jpg in Resources */ = {isa = PBXBuildFile; fileRef = F768777623523960007E41A4 /* chincoteague.jpg */; };
		F768778823523960007E41A4 /* stmarylake.jpg in Resources */ = {isa = PBXBuildFile; fileRef = F768777723523960007E41A4 /* stmarylake.jpg */; };
		F768778923523960007E41A4 /* chilkoottrail.jpg in Resources */ = {isa = PBXBuildFile; fileRef = F768777823523960007E41A4 /* chilkoottrail.jpg */; };
		F768778A23523960007E41A4 /* stmarylake_feature.jpg in Resources */ = {isa = PBXBuildFile; fileRef = F768777923523960007E41A4 /* stmarylake_feature.jpg */; };
		F768778B23523960007E41A4 /* rainbowlake.jpg in Resources */ = {isa = PBXBuildFile; fileRef = F768777A23523960007E41A4 /* rainbowlake.jpg */; };
		F780D17D23521A84005CC8EA /* CircleImage.swift in Sources */ = {isa = PBXBuildFile; fileRef = F780D17C23521A84005CC8EA /* CircleImage.swift */; };
		F780D17F23521B35005CC8EA /* MapView.swift in Sources */ = {isa = PBXBuildFile; fileRef = F780D17E23521B35005CC8EA /* MapView.swift */; };
		F787DE512352C579006D5B83 /* UserData.swift in Sources */ = {isa = PBXBuildFile; fileRef = F787DE502352C579006D5B83 /* UserData.swift */; };
		F7926EB72352D9790011A150 /* BadgeBackground.swift in Sources */ = {isa = PBXBuildFile; fileRef = F7926EB62352D9790011A150 /* BadgeBackground.swift */; };
		F7926EB92352DA610011A150 /* HexagonParameters.swift in Sources */ = {isa = PBXBuildFile; fileRef = F7926EB82352DA610011A150 /* HexagonParameters.swift */; };
		F7C9091A2351D684003F493B /* AppDelegate.swift in Sources */ = {isa = PBXBuildFile; fileRef = F7C909192351D684003F493B /* AppDelegate.swift */; };
		F7C9091C2351D684003F493B /* SceneDelegate.swift in Sources */ = {isa = PBXBuildFile; fileRef = F7C9091B2351D684003F493B /* SceneDelegate.swift */; };
		F7C9091E2351D684003F493B /* ContentView.swift in Sources */ = {isa = PBXBuildFile; fileRef = F7C9091D2351D684003F493B /* ContentView.swift */; };
		F7C909202351D686003F493B /* Assets.xcassets in Resources */ = {isa = PBXBuildFile; fileRef = F7C9091F2351D686003F493B /* Assets.xcassets */; };
		F7C909232351D686003F493B /* Preview Assets.xcassets in Resources */ = {isa = PBXBuildFile; fileRef = F7C909222351D686003F493B /* Preview Assets.xcassets */; };
		F7C909262351D686003F493B /* LaunchScreen.storyboard in Resources */ = {isa = PBXBuildFile; fileRef = F7C909242351D686003F493B /* LaunchScreen.storyboard */; };
		F7E604162352E1BE00DF5467 /* BadgeSymbol.swift in Sources */ = {isa = PBXBuildFile; fileRef = F7E604152352E1BE00DF5467 /* BadgeSymbol.swift */; };
		F7E604182352E2B800DF5467 /* RotatedBadgeSymbol.swift in Sources */ = {isa = PBXBuildFile; fileRef = F7E604172352E2B800DF5467 /* RotatedBadgeSymbol.swift */; };
		F7E6041A2352E30600DF5467 /* Badge.swift in Sources */ = {isa = PBXBuildFile; fileRef = F7E604192352E30600DF5467 /* Badge.swift */; };
		F7E6041C2352EFD600DF5467 /* HikeView.swift in Sources */ = {isa = PBXBuildFile; fileRef = F7E6041B2352EFD600DF5467 /* HikeView.swift */; };
		F7E6041E2352F00600DF5467 /* Hike.swift in Sources */ = {isa = PBXBuildFile; fileRef = F7E6041D2352F00600DF5467 /* Hike.swift */; };
		F7E604202352F03900DF5467 /* HikeDetail.swift in Sources */ = {isa = PBXBuildFile; fileRef = F7E6041F2352F03900DF5467 /* HikeDetail.swift */; };
		F7E604222352F05600DF5467 /* HikeGraph.swift in Sources */ = {isa = PBXBuildFile; fileRef = F7E604212352F05500DF5467 /* HikeGraph.swift */; };
		F7E604242352F0B300DF5467 /* GraphCapsule.swift in Sources */ = {isa = PBXBuildFile; fileRef = F7E604232352F0B300DF5467 /* GraphCapsule.swift */; };
		F7E604282352F5B700DF5467 /* Home.swift in Sources */ = {isa = PBXBuildFile; fileRef = F7E604272352F5B700DF5467 /* Home.swift */; };
		F7E6042A2352F82E00DF5467 /* CategoryRow.swift in Sources */ = {isa = PBXBuildFile; fileRef = F7E604292352F82E00DF5467 /* CategoryRow.swift */; };
/* End PBXBuildFile section */

/* Begin PBXFileReference section */
		F768773723522D4A007E41A4 /* Data.swift */ = {isa = PBXFileReference; fileEncoding = 4; lastKnownFileType = sourcecode.swift; path = Data.swift; sourceTree = "<group>"; };
		F768773823522D4A007E41A4 /* landmarkData.json */ = {isa = PBXFileReference; fileEncoding = 4; lastKnownFileType = text.json; path = landmarkData.json; sourceTree = "<group>"; };
		F768773D23522DDA007E41A4 /* Landmark.swift */ = {isa = PBXFileReference; fileEncoding = 4; lastKnownFileType = sourcecode.swift; path = Landmark.swift; sourceTree = "<group>"; };
		F768773F23522E63007E41A4 /* LandmarkDetail.swift */ = {isa = PBXFileReference; fileEncoding = 4; lastKnownFileType = sourcecode.swift; path = LandmarkDetail.swift; sourceTree = "<group>"; };
		F768774223522EE6007E41A4 /* LandmarkRow.swift */ = {isa = PBXFileReference; lastKnownFileType = sourcecode.swift; path = LandmarkRow.swift; sourceTree = "<group>"; };
		F7687767235236AF007E41A4 /* LandmarkList.swift */ = {isa = PBXFileReference; lastKnownFileType = sourcecode.swift; path = LandmarkList.swift; sourceTree = "<group>"; };
		F768776A23523960007E41A4 /* turtlerock_feature.jpg */ = {isa = PBXFileReference; lastKnownFileType = image.jpeg; path = turtlerock_feature.jpg; sourceTree = "<group>"; };
		F768776B23523960007E41A4 /* charleyrivers.jpg */ = {isa = PBXFileReference; lastKnownFileType = image.jpeg; path = charleyrivers.jpg; sourceTree = "<group>"; };
		F768776C23523960007E41A4 /* turtlerock.jpg */ = {isa = PBXFileReference; lastKnownFileType = image.jpeg; path = turtlerock.jpg; sourceTree = "<group>"; };
		F768776D23523960007E41A4 /* silversalmoncreek.jpg */ = {isa = PBXFileReference; lastKnownFileType = image.jpeg; path = silversalmoncreek.jpg; sourceTree = "<group>"; };
		F768776E23523960007E41A4 /* hikeData.json */ = {isa = PBXFileReference; fileEncoding = 4; lastKnownFileType = text.json; path = hikeData.json; sourceTree = "<group>"; };
		F768776F23523960007E41A4 /* icybay.jpg */ = {isa = PBXFileReference; lastKnownFileType = image.jpeg; path = icybay.jpg; sourceTree = "<group>"; };
		F768777023523960007E41A4 /* lakemcdonald.jpg */ = {isa = PBXFileReference; lastKnownFileType = image.jpeg; path = lakemcdonald.jpg; sourceTree = "<group>"; };
		F768777123523960007E41A4 /* hiddenlake.jpg */ = {isa = PBXFileReference; lastKnownFileType = image.jpeg; path = hiddenlake.jpg; sourceTree = "<group>"; };
		F768777223523960007E41A4 /* twinlake.jpg */ = {isa = PBXFileReference; lastKnownFileType = image.jpeg; path = twinlake.jpg; sourceTree = "<group>"; };
		F768777323523960007E41A4 /* charleyrivers_feature.jpg */ = {isa = PBXFileReference; lastKnownFileType = image.jpeg; path = charleyrivers_feature.jpg; sourceTree = "<group>"; };
		F768777423523960007E41A4 /* umbagog.jpg */ = {isa = PBXFileReference; lastKnownFileType = image.jpeg; path = umbagog.jpg; sourceTree = "<group>"; };
		F768777623523960007E41A4 /* chincoteague.jpg */ = {isa = PBXFileReference; lastKnownFileType = image.jpeg; path = chincoteague.jpg; sourceTree = "<group>"; };
		F768777723523960007E41A4 /* stmarylake.jpg */ = {isa = PBXFileReference; lastKnownFileType = image.jpeg; path = stmarylake.jpg; sourceTree = "<group>"; };
		F768777823523960007E41A4 /* chilkoottrail.jpg */ = {isa = PBXFileReference; lastKnownFileType = image.jpeg; path = chilkoottrail.jpg; sourceTree = "<group>"; };
		F768777923523960007E41A4 /* stmarylake_feature.jpg */ = {isa = PBXFileReference; lastKnownFileType = image.jpeg; path = stmarylake_feature.jpg; sourceTree = "<group>"; };
		F768777A23523960007E41A4 /* rainbowlake.jpg */ = {isa = PBXFileReference; lastKnownFileType = image.jpeg; path = rainbowlake.jpg; sourceTree = "<group>"; };
		F780D17C23521A84005CC8EA /* CircleImage.swift */ = {isa = PBXFileReference; lastKnownFileType = sourcecode.swift; path = CircleImage.swift; sourceTree = "<group>"; };
		F780D17E23521B35005CC8EA /* MapView.swift */ = {isa = PBXFileReference; lastKnownFileType = sourcecode.swift; path = MapView.swift; sourceTree = "<group>"; };
		F787DE502352C579006D5B83 /* UserData.swift */ = {isa = PBXFileReference; lastKnownFileType = sourcecode.swift; path = UserData.swift; sourceTree = "<group>"; };
		F7926EB62352D9790011A150 /* BadgeBackground.swift */ = {isa = PBXFileReference; lastKnownFileType = sourcecode.swift; path = BadgeBackground.swift; sourceTree = "<group>"; };
		F7926EB82352DA610011A150 /* HexagonParameters.swift */ = {isa = PBXFileReference; lastKnownFileType = sourcecode.swift; path = HexagonParameters.swift; sourceTree = "<group>"; };
		F7C909162351D684003F493B /* Official.app */ = {isa = PBXFileReference; explicitFileType = wrapper.application; includeInIndex = 0; path = Official.app; sourceTree = BUILT_PRODUCTS_DIR; };
		F7C909192351D684003F493B /* AppDelegate.swift */ = {isa = PBXFileReference; lastKnownFileType = sourcecode.swift; path = AppDelegate.swift; sourceTree = "<group>"; };
		F7C9091B2351D684003F493B /* SceneDelegate.swift */ = {isa = PBXFileReference; lastKnownFileType = sourcecode.swift; path = SceneDelegate.swift; sourceTree = "<group>"; };
		F7C9091D2351D684003F493B /* ContentView.swift */ = {isa = PBXFileReference; lastKnownFileType = sourcecode.swift; path = ContentView.swift; sourceTree = "<group>"; };
		F7C9091F2351D686003F493B /* Assets.xcassets */ = {isa = PBXFileReference; lastKnownFileType = folder.assetcatalog; path = Assets.xcassets; sourceTree = "<group>"; };
		F7C909222351D686003F493B /* Preview Assets.xcassets */ = {isa = PBXFileReference; lastKnownFileType = folder.assetcatalog; path = "Preview Assets.xcassets"; sourceTree = "<group>"; };
		F7C909252351D686003F493B /* Base */ = {isa = PBXFileReference; lastKnownFileType = file.storyboard; name = Base; path = Base.lproj/LaunchScreen.storyboard; sourceTree = "<group>"; };
		F7C909272351D686003F493B /* Info.plist */ = {isa = PBXFileReference; lastKnownFileType = text.plist.xml; path = Info.plist; sourceTree = "<group>"; };
		F7E604152352E1BE00DF5467 /* BadgeSymbol.swift */ = {isa = PBXFileReference; lastKnownFileType = sourcecode.swift; path = BadgeSymbol.swift; sourceTree = "<group>"; };
		F7E604172352E2B800DF5467 /* RotatedBadgeSymbol.swift */ = {isa = PBXFileReference; lastKnownFileType = sourcecode.swift; path = RotatedBadgeSymbol.swift; sourceTree = "<group>"; };
		F7E604192352E30600DF5467 /* Badge.swift */ = {isa = PBXFileReference; lastKnownFileType = sourcecode.swift; path = Badge.swift; sourceTree = "<group>"; };
		F7E6041B2352EFD600DF5467 /* HikeView.swift */ = {isa = PBXFileReference; lastKnownFileType = sourcecode.swift; path = HikeView.swift; sourceTree = "<group>"; };
		F7E6041D2352F00600DF5467 /* Hike.swift */ = {isa = PBXFileReference; lastKnownFileType = sourcecode.swift; path = Hike.swift; sourceTree = "<group>"; };
		F7E6041F2352F03900DF5467 /* HikeDetail.swift */ = {isa = PBXFileReference; lastKnownFileType = sourcecode.swift; path = HikeDetail.swift; sourceTree = "<group>"; };
		F7E604212352F05500DF5467 /* HikeGraph.swift */ = {isa = PBXFileReference; lastKnownFileType = sourcecode.swift; path = HikeGraph.swift; sourceTree = "<group>"; };
		F7E604232352F0B300DF5467 /* GraphCapsule.swift */ = {isa = PBXFileReference; lastKnownFileType = sourcecode.swift; path = GraphCapsule.swift; sourceTree = "<group>"; };
		F7E604272352F5B700DF5467 /* Home.swift */ = {isa = PBXFileReference; lastKnownFileType = sourcecode.swift; path = Home.swift; sourceTree = "<group>"; };
		F7E604292352F82E00DF5467 /* CategoryRow.swift */ = {isa = PBXFileReference; lastKnownFileType = sourcecode.swift; path = CategoryRow.swift; sourceTree = "<group>"; };
/* End PBXFileReference section */

/* Begin PBXFrameworksBuildPhase section */
		F7C909132351D684003F493B /* Frameworks */ = {
			isa = PBXFrameworksBuildPhase;
			buildActionMask = 2147483647;
			files = (
			);
			runOnlyForDeploymentPostprocessing = 0;
		};
/* End PBXFrameworksBuildPhase section */

/* Begin PBXGroup section */
		F768773623522D4A007E41A4 /* Models */ = {
			isa = PBXGroup;
			children = (
				F768773D23522DDA007E41A4 /* Landmark.swift */,
				F787DE502352C579006D5B83 /* UserData.swift */,
				F7E6041D2352F00600DF5467 /* Hike.swift */,
				F768773723522D4A007E41A4 /* Data.swift */,
			);
			path = Models;
			sourceTree = "<group>";
		};
		F768774123522EB4007E41A4 /* Views */ = {
			isa = PBXGroup;
			children = (
				F7C9091D2351D684003F493B /* ContentView.swift */,
				F7E604272352F5B700DF5467 /* Home.swift */,
				F7E604292352F82E00DF5467 /* CategoryRow.swift */,
				F7E604262352F50900DF5467 /* Landmark */,
				F7E604252352F4F300DF5467 /* Hike */,
			);
			path = Views;
			sourceTree = "<group>";
		};
		F768776923523960007E41A4 /* Resources */ = {
			isa = PBXGroup;
			children = (
				F768776A23523960007E41A4 /* turtlerock_feature.jpg */,
				F768776B23523960007E41A4 /* charleyrivers.jpg */,
				F768776C23523960007E41A4 /* turtlerock.jpg */,
				F768776D23523960007E41A4 /* silversalmoncreek.jpg */,
				F768776E23523960007E41A4 /* hikeData.json */,
				F768776F23523960007E41A4 /* icybay.jpg */,
				F768777023523960007E41A4 /* lakemcdonald.jpg */,
				F768777123523960007E41A4 /* hiddenlake.jpg */,
				F768777223523960007E41A4 /* twinlake.jpg */,
				F768777323523960007E41A4 /* charleyrivers_feature.jpg */,
				F768777423523960007E41A4 /* umbagog.jpg */,
				F768773823522D4A007E41A4 /* landmarkData.json */,
				F768777623523960007E41A4 /* chincoteague.jpg */,
				F768777723523960007E41A4 /* stmarylake.jpg */,
				F768777823523960007E41A4 /* chilkoottrail.jpg */,
				F768777923523960007E41A4 /* stmarylake_feature.jpg */,
				F768777A23523960007E41A4 /* rainbowlake.jpg */,
			);
			path = Resources;
			sourceTree = "<group>";
		};
		F7C9090D2351D684003F493B = {
			isa = PBXGroup;
			children = (
				F7C909182351D684003F493B /* Landmark */,
				F7C909172351D684003F493B /* Products */,
			);
			sourceTree = "<group>";
		};
		F7C909172351D684003F493B /* Products */ = {
			isa = PBXGroup;
			children = (
				F7C909162351D684003F493B /* Official.app */,
			);
			name = Products;
			sourceTree = "<group>";
		};
		F7C909182351D684003F493B /* Landmark */ = {
			isa = PBXGroup;
			children = (
				F7C909192351D684003F493B /* AppDelegate.swift */,
				F7C9091B2351D684003F493B /* SceneDelegate.swift */,
				F768773623522D4A007E41A4 /* Models */,
				F768774123522EB4007E41A4 /* Views */,
				F7C9091F2351D686003F493B /* Assets.xcassets */,
				F7C909242351D686003F493B /* LaunchScreen.storyboard */,
				F7C909272351D686003F493B /* Info.plist */,
				F768776923523960007E41A4 /* Resources */,
				F7C909212351D686003F493B /* Preview Content */,
			);
			path = Landmark;
			sourceTree = "<group>";
		};
		F7C909212351D686003F493B /* Preview Content */ = {
			isa = PBXGroup;
			children = (
				F7C909222351D686003F493B /* Preview Assets.xcassets */,
			);
			path = "Preview Content";
			sourceTree = "<group>";
		};
		F7E604252352F4F300DF5467 /* Hike */ = {
			isa = PBXGroup;
			children = (
				F7E6041B2352EFD600DF5467 /* HikeView.swift */,
				F7E6041F2352F03900DF5467 /* HikeDetail.swift */,
				F7E604212352F05500DF5467 /* HikeGraph.swift */,
				F7E604232352F0B300DF5467 /* GraphCapsule.swift */,
			);
			path = Hike;
			sourceTree = "<group>";
		};
		F7E604262352F50900DF5467 /* Landmark */ = {
			isa = PBXGroup;
			children = (
				F780D17C23521A84005CC8EA /* CircleImage.swift */,
				F780D17E23521B35005CC8EA /* MapView.swift */,
				F768773F23522E63007E41A4 /* LandmarkDetail.swift */,
				F7926EB62352D9790011A150 /* BadgeBackground.swift */,
				F7E604152352E1BE00DF5467 /* BadgeSymbol.swift */,
				F7E604172352E2B800DF5467 /* RotatedBadgeSymbol.swift */,
				F7E604192352E30600DF5467 /* Badge.swift */,
				F7926EB82352DA610011A150 /* HexagonParameters.swift */,
				F768774223522EE6007E41A4 /* LandmarkRow.swift */,
				F7687767235236AF007E41A4 /* LandmarkList.swift */,
			);
			path = Landmark;
			sourceTree = "<group>";
		};
/* End PBXGroup section */

/* Begin PBXNativeTarget section */
		F7C909152351D684003F493B /* Landmark */ = {
			isa = PBXNativeTarget;
			buildConfigurationList = F7C9092A2351D686003F493B /* Build configuration list for PBXNativeTarget "Landmark" */;
			buildPhases = (
				F7C909122351D684003F493B /* Sources */,
				F7C909132351D684003F493B /* Frameworks */,
				F7C909142351D684003F493B /* Resources */,
			);
			buildRules = (
			);
			dependencies = (
			);
			name = Landmark;
			productName = Landmark;
			productReference = F7C909162351D684003F493B /* Official.app */;
			productType = "com.apple.product-type.application";
		};
/* End PBXNativeTarget section */

/* Begin PBXProject section */
		F7C9090E2351D684003F493B /* Project object */ = {
			isa = PBXProject;
			attributes = {
				LastSwiftUpdateCheck = 1110;
				LastUpgradeCheck = 1110;
				ORGANIZATIONNAME = "Mike Liao";
				TargetAttributes = {
					F7C909152351D684003F493B = {
						CreatedOnToolsVersion = 11.1;
					};
				};
			};
			buildConfigurationList = F7C909112351D684003F493B /* Build configuration list for PBXProject "Landmark" */;
			compatibilityVersion = "Xcode 9.3";
			developmentRegion = en;
			hasScannedForEncodings = 0;
			knownRegions = (
				en,
				Base,
			);
			mainGroup = F7C9090D2351D684003F493B;
			productRefGroup = F7C909172351D684003F493B /* Products */;
			projectDirPath = "";
			projectRoot = "";
			targets = (
				F7C909152351D684003F493B /* Landmark */,
			);
		};
/* End PBXProject section */

/* Begin PBXResourcesBuildPhase section */
		F7C909142351D684003F493B /* Resources */ = {
			isa = PBXResourcesBuildPhase;
			buildActionMask = 2147483647;
			files = (
				F768778823523960007E41A4 /* stmarylake.jpg in Resources */,
				F768778923523960007E41A4 /* chilkoottrail.jpg in Resources */,
				F7C909262351D686003F493B /* LaunchScreen.storyboard in Resources */,
				F768773B23522D4A007E41A4 /* landmarkData.json in Resources */,
				F768777D23523960007E41A4 /* turtlerock.jpg in Resources */,
				F7C909232351D686003F493B /* Preview Assets.xcassets in Resources */,
				F768778423523960007E41A4 /* charleyrivers_feature.jpg in Resources */,
				F768778B23523960007E41A4 /* rainbowlake.jpg in Resources */,
				F768777F23523960007E41A4 /* hikeData.json in Resources */,
				F768777C23523960007E41A4 /* charleyrivers.jpg in Resources */,
				F768777E23523960007E41A4 /* silversalmoncreek.jpg in Resources */,
				F768778123523960007E41A4 /* lakemcdonald.jpg in Resources */,
				F768778523523960007E41A4 /* umbagog.jpg in Resources */,
				F7C909202351D686003F493B /* Assets.xcassets in Resources */,
				F768778A23523960007E41A4 /* stmarylake_feature.jpg in Resources */,
				F768778023523960007E41A4 /* icybay.jpg in Resources */,
				F768778223523960007E41A4 /* hiddenlake.jpg in Resources */,
				F768778323523960007E41A4 /* twinlake.jpg in Resources */,
				F768778723523960007E41A4 /* chincoteague.jpg in Resources */,
				F768777B23523960007E41A4 /* turtlerock_feature.jpg in Resources */,
			);
			runOnlyForDeploymentPostprocessing = 0;
		};
/* End PBXResourcesBuildPhase section */

/* Begin PBXSourcesBuildPhase section */
		F7C909122351D684003F493B /* Sources */ = {
			isa = PBXSourcesBuildPhase;
			buildActionMask = 2147483647;
			files = (
				F768773E23522DDA007E41A4 /* Landmark.swift in Sources */,
				F7926EB72352D9790011A150 /* BadgeBackground.swift in Sources */,
				F7C9091A2351D684003F493B /* AppDelegate.swift in Sources */,
				F768773A23522D4A007E41A4 /* Data.swift in Sources */,
				F780D17D23521A84005CC8EA /* CircleImage.swift in Sources */,
				F7E6041C2352EFD600DF5467 /* HikeView.swift in Sources */,
				F7E6042A2352F82E00DF5467 /* CategoryRow.swift in Sources */,
				F7E6041E2352F00600DF5467 /* Hike.swift in Sources */,
				F7E604202352F03900DF5467 /* HikeDetail.swift in Sources */,
				F768774023522E63007E41A4 /* LandmarkDetail.swift in Sources */,
				F787DE512352C579006D5B83 /* UserData.swift in Sources */,
				F7E604162352E1BE00DF5467 /* BadgeSymbol.swift in Sources */,
				F7E604182352E2B800DF5467 /* RotatedBadgeSymbol.swift in Sources */,
				F7E6041A2352E30600DF5467 /* Badge.swift in Sources */,
				F7E604222352F05600DF5467 /* HikeGraph.swift in Sources */,
				F7E604282352F5B700DF5467 /* Home.swift in Sources */,
				F780D17F23521B35005CC8EA /* MapView.swift in Sources */,
				F7C9091C2351D684003F493B /* SceneDelegate.swift in Sources */,
				F7926EB92352DA610011A150 /* HexagonParameters.swift in Sources */,
				F7C9091E2351D684003F493B /* ContentView.swift in Sources */,
				F768774323522EE6007E41A4 /* LandmarkRow.swift in Sources */,
				F7687768235236AF007E41A4 /* LandmarkList.swift in Sources */,
				F7E604242352F0B300DF5467 /* GraphCapsule.swift in Sources */,
			);
			runOnlyForDeploymentPostprocessing = 0;
		};
/* End PBXSourcesBuildPhase section */

/* Begin PBXVariantGroup section */
		F7C909242351D686003F493B /* LaunchScreen.storyboard */ = {
			isa = PBXVariantGroup;
			children = (
				F7C909252351D686003F493B /* Base */,
			);
			name = LaunchScreen.storyboard;
			sourceTree = "<group>";
		};
/* End PBXVariantGroup section */

/* Begin XCBuildConfiguration section */
		F7C909282351D686003F493B /* Debug */ = {
			isa = XCBuildConfiguration;
			buildSettings = {
				ALWAYS_SEARCH_USER_PATHS = NO;
				CLANG_ANALYZER_NONNULL = YES;
				CLANG_ANALYZER_NUMBER_OBJECT_CONVERSION = YES_AGGRESSIVE;
				CLANG_CXX_LANGUAGE_STANDARD = "gnu++14";
				CLANG_CXX_LIBRARY = "libc++";
				CLANG_ENABLE_MODULES = YES;
				CLANG_ENABLE_OBJC_ARC = YES;
				CLANG_ENABLE_OBJC_WEAK = YES;
				CLANG_WARN_BLOCK_CAPTURE_AUTORELEASING = YES;
				CLANG_WARN_BOOL_CONVERSION = YES;
				CLANG_WARN_COMMA = YES;
				CLANG_WARN_CONSTANT_CONVERSION = YES;
				CLANG_WARN_DEPRECATED_OBJC_IMPLEMENTATIONS = YES;
				CLANG_WARN_DIRECT_OBJC_ISA_USAGE = YES_ERROR;
				CLANG_WARN_DOCUMENTATION_COMMENTS = YES;
				CLANG_WARN_EMPTY_BODY = YES;
				CLANG_WARN_ENUM_CONVERSION = YES;
				CLANG_WARN_INFINITE_RECURSION = YES;
				CLANG_WARN_INT_CONVERSION = YES;
				CLANG_WARN_NON_LITERAL_NULL_CONVERSION = YES;
				CLANG_WARN_OBJC_IMPLICIT_RETAIN_SELF = YES;
				CLANG_WARN_OBJC_LITERAL_CONVERSION = YES;
				CLANG_WARN_OBJC_ROOT_CLASS = YES_ERROR;
				CLANG_WARN_RANGE_LOOP_ANALYSIS = YES;
				CLANG_WARN_STRICT_PROTOTYPES = YES;
				CLANG_WARN_SUSPICIOUS_MOVE = YES;
				CLANG_WARN_UNGUARDED_AVAILABILITY = YES_AGGRESSIVE;
				CLANG_WARN_UNREACHABLE_CODE = YES;
				CLANG_WARN__DUPLICATE_METHOD_MATCH = YES;
				COPY_PHASE_STRIP = NO;
				DEBUG_INFORMATION_FORMAT = dwarf;
				ENABLE_STRICT_OBJC_MSGSEND = YES;
				ENABLE_TESTABILITY = YES;
				GCC_C_LANGUAGE_STANDARD = gnu11;
				GCC_DYNAMIC_NO_PIC = NO;
				GCC_NO_COMMON_BLOCKS = YES;
				GCC_OPTIMIZATION_LEVEL = 0;
				GCC_PREPROCESSOR_DEFINITIONS = (
					"DEBUG=1",
					"$(inherited)",
				);
				GCC_WARN_64_TO_32_BIT_CONVERSION = YES;
				GCC_WARN_ABOUT_RETURN_TYPE = YES_ERROR;
				GCC_WARN_UNDECLARED_SELECTOR = YES;
				GCC_WARN_UNINITIALIZED_AUTOS = YES_AGGRESSIVE;
				GCC_WARN_UNUSED_FUNCTION = YES;
				GCC_WARN_UNUSED_VARIABLE = YES;
				IPHONEOS_DEPLOYMENT_TARGET = 13.1;
				MTL_ENABLE_DEBUG_INFO = INCLUDE_SOURCE;
				MTL_FAST_MATH = YES;
				ONLY_ACTIVE_ARCH = YES;
				SDKROOT = iphoneos;
				SWIFT_ACTIVE_COMPILATION_CONDITIONS = DEBUG;
				SWIFT_OPTIMIZATION_LEVEL = "-Onone";
			};
			name = Debug;
		};
		F7C909292351D686003F493B /* Release */ = {
			isa = XCBuildConfiguration;
			buildSettings = {
				ALWAYS_SEARCH_USER_PATHS = NO;
				CLANG_ANALYZER_NONNULL = YES;
				CLANG_ANALYZER_NUMBER_OBJECT_CONVERSION = YES_AGGRESSIVE;
				CLANG_CXX_LANGUAGE_STANDARD = "gnu++14";
				CLANG_CXX_LIBRARY = "libc++";
				CLANG_ENABLE_MODULES = YES;
				CLANG_ENABLE_OBJC_ARC = YES;
				CLANG_ENABLE_OBJC_WEAK = YES;
				CLANG_WARN_BLOCK_CAPTURE_AUTORELEASING = YES;
				CLANG_WARN_BOOL_CONVERSION = YES;
				CLANG_WARN_COMMA = YES;
				CLANG_WARN_CONSTANT_CONVERSION = YES;
				CLANG_WARN_DEPRECATED_OBJC_IMPLEMENTATIONS = YES;
				CLANG_WARN_DIRECT_OBJC_ISA_USAGE = YES_ERROR;
				CLANG_WARN_DOCUMENTATION_COMMENTS = YES;
				CLANG_WARN_EMPTY_BODY = YES;
				CLANG_WARN_ENUM_CONVERSION = YES;
				CLANG_WARN_INFINITE_RECURSION = YES;
				CLANG_WARN_INT_CONVERSION = YES;
				CLANG_WARN_NON_LITERAL_NULL_CONVERSION = YES;
				CLANG_WARN_OBJC_IMPLICIT_RETAIN_SELF = YES;
				CLANG_WARN_OBJC_LITERAL_CONVERSION = YES;
				CLANG_WARN_OBJC_ROOT_CLASS = YES_ERROR;
				CLANG_WARN_RANGE_LOOP_ANALYSIS = YES;
				CLANG_WARN_STRICT_PROTOTYPES = YES;
				CLANG_WARN_SUSPICIOUS_MOVE = YES;
				CLANG_WARN_UNGUARDED_AVAILABILITY = YES_AGGRESSIVE;
				CLANG_WARN_UNREACHABLE_CODE = YES;
				CLANG_WARN__DUPLICATE_METHOD_MATCH = YES;
				COPY_PHASE_STRIP = NO;
				DEBUG_INFORMATION_FORMAT = "dwarf-with-dsym";
				ENABLE_NS_ASSERTIONS = NO;
				ENABLE_STRICT_OBJC_MSGSEND = YES;
				GCC_C_LANGUAGE_STANDARD = gnu11;
				GCC_NO_COMMON_BLOCKS = YES;
				GCC_WARN_64_TO_32_BIT_CONVERSION = YES;
				GCC_WARN_ABOUT_RETURN_TYPE = YES_ERROR;
				GCC_WARN_UNDECLARED_SELECTOR = YES;
				GCC_WARN_UNINITIALIZED_AUTOS = YES_AGGRESSIVE;
				GCC_WARN_UNUSED_FUNCTION = YES;
				GCC_WARN_UNUSED_VARIABLE = YES;
				IPHONEOS_DEPLOYMENT_TARGET = 13.1;
				MTL_ENABLE_DEBUG_INFO = NO;
				MTL_FAST_MATH = YES;
				SDKROOT = iphoneos;
				SWIFT_COMPILATION_MODE = wholemodule;
				SWIFT_OPTIMIZATION_LEVEL = "-O";
				VALIDATE_PRODUCT = YES;
			};
			name = Release;
		};
		F7C9092B2351D686003F493B /* Debug */ = {
			isa = XCBuildConfiguration;
			buildSettings = {
				ASSETCATALOG_COMPILER_APPICON_NAME = AppIcon;
				CODE_SIGN_STYLE = Automatic;
				DEVELOPMENT_ASSET_PATHS = "\"Landmark/Preview Content\"";
				DEVELOPMENT_TEAM = Z8GJU5XTY3;
				ENABLE_PREVIEWS = YES;
				INFOPLIST_FILE = Landmark/Info.plist;
				LD_RUNPATH_SEARCH_PATHS = (
					"$(inherited)",
					"@executable_path/Frameworks",
				);
				PRODUCT_BUNDLE_IDENTIFIER = ml.Official;
				PRODUCT_NAME = Official;
				SWIFT_VERSION = 5.0;
				TARGETED_DEVICE_FAMILY = "1,2";
			};
			name = Debug;
		};
		F7C9092C2351D686003F493B /* Release */ = {
			isa = XCBuildConfiguration;
			buildSettings = {
				ASSETCATALOG_COMPILER_APPICON_NAME = AppIcon;
				CODE_SIGN_STYLE = Automatic;
				DEVELOPMENT_ASSET_PATHS = "\"Landmark/Preview Content\"";
				DEVELOPMENT_TEAM = Z8GJU5XTY3;
				ENABLE_PREVIEWS = YES;
				INFOPLIST_FILE = Landmark/Info.plist;
				LD_RUNPATH_SEARCH_PATHS = (
					"$(inherited)",
					"@executable_path/Frameworks",
				);
				PRODUCT_BUNDLE_IDENTIFIER = ml.Official;
				PRODUCT_NAME = Official;
				SWIFT_VERSION = 5.0;
				TARGETED_DEVICE_FAMILY = "1,2";
			};
			name = Release;
		};
/* End XCBuildConfiguration section */

/* Begin XCConfigurationList section */
		F7C909112351D684003F493B /* Build configuration list for PBXProject "Landmark" */ = {
			isa = XCConfigurationList;
			buildConfigurations = (
				F7C909282351D686003F493B /* Debug */,
				F7C909292351D686003F493B /* Release */,
			);
			defaultConfigurationIsVisible = 0;
			defaultConfigurationName = Release;
		};
		F7C9092A2351D686003F493B /* Build configuration list for PBXNativeTarget "Landmark" */ = {
			isa = XCConfigurationList;
			buildConfigurations = (
				F7C9092B2351D686003F493B /* Debug */,
				F7C9092C2351D686003F493B /* Release */,
			);
			defaultConfigurationIsVisible = 0;
			defaultConfigurationName = Release;
		};
/* End XCConfigurationList section */
	};
	rootObject = F7C9090E2351D684003F493B /* Project object */;
}
