// !$*UTF8*$!
{
	archiveVersion = 1;
	classes = {
	};
	objectVersion = 50;
	objects = {

/* Begin PBXBuildFile section */
		F768773A23522D4A007E41A4 /* Data.swift in Sources */ = {isa = PBXBuildFile; fileRef = F768773723522D4A007E41A4 /* Data.swift */; };
		F768773B23522D4A007E41A4 /* landmarkData.json in Resources */ = {isa = PBXBuildFile; fileRef = F768773823522D4A007E41A4 /* landmarkData.json */; };
		F768773E23522DDA007E41A4 /* Landmark.swift in Sources */ = {isa = PBXBuildFile; fileRef = F768773D23522DDA007E41A4 /* Landmark.swift */; };
		F768774023522E63007E41A4 /* LandmarkDetail.swift in Sources */ = {isa = PBXBuildFile; fileRef = F768773F23522E63007E41A4 /* LandmarkDetail.swift */; };
		F780D17D23521A84005CC8EA /* CircleImage.swift in Sources */ = {isa = PBXBuildFile; fileRef = F780D17C23521A84005CC8EA /* CircleImage.swift */; };
		F780D17F23521B35005CC8EA /* MapView.swift in Sources */ = {isa = PBXBuildFile; fileRef = F780D17E23521B35005CC8EA /* MapView.swift */; };
		F7C9091A2351D684003F493B /* AppDelegate.swift in Sources */ = {isa = PBXBuildFile; fileRef = F7C909192351D684003F493B /* AppDelegate.swift */; };
		F7C9091C2351D684003F493B /* SceneDelegate.swift in Sources */ = {isa = PBXBuildFile; fileRef = F7C9091B2351D684003F493B /* SceneDelegate.swift */; };
		F7C9091E2351D684003F493B /* ContentView.swift in Sources */ = {isa = PBXBuildFile; fileRef = F7C9091D2351D684003F493B /* ContentView.swift */; };
		F7C909202351D686003F493B /* Assets.xcassets in Resources */ = {isa = PBXBuildFile; fileRef = F7C9091F2351D686003F493B /* Assets.xcassets */; };
		F7C909232351D686003F493B /* Preview Assets.xcassets in Resources */ = {isa = PBXBuildFile; fileRef = F7C909222351D686003F493B /* Preview Assets.xcassets */; };
		F7C909262351D686003F493B /* LaunchScreen.storyboard in Resources */ = {isa = PBXBuildFile; fileRef = F7C909242351D686003F493B /* LaunchScreen.storyboard */; };
/* End PBXBuildFile section */

/* Begin PBXFileReference section */
		F768773723522D4A007E41A4 /* Data.swift */ = {isa = PBXFileReference; fileEncoding = 4; lastKnownFileType = sourcecode.swift; path = Data.swift; sourceTree = "<group>"; };
		F768773823522D4A007E41A4 /* landmarkData.json */ = {isa = PBXFileReference; fileEncoding = 4; lastKnownFileType = text.json; path = landmarkData.json; sourceTree = "<group>"; };
		F768773D23522DDA007E41A4 /* Landmark.swift */ = {isa = PBXFileReference; fileEncoding = 4; lastKnownFileType = sourcecode.swift; path = Landmark.swift; sourceTree = "<group>"; };
		F768773F23522E63007E41A4 /* LandmarkDetail.swift */ = {isa = PBXFileReference; fileEncoding = 4; lastKnownFileType = sourcecode.swift; path = LandmarkDetail.swift; sourceTree = "<group>"; };
		F780D17C23521A84005CC8EA /* CircleImage.swift */ = {isa = PBXFileReference; lastKnownFileType = sourcecode.swift; path = CircleImage.swift; sourceTree = "<group>"; };
		F780D17E23521B35005CC8EA /* MapView.swift */ = {isa = PBXFileReference; lastKnownFileType = sourcecode.swift; path = MapView.swift; sourceTree = "<group>"; };
		F7C909162351D684003F493B /* Official.app */ = {isa = PBXFileReference; explicitFileType = wrapper.application; includeInIndex = 0; path = Official.app; sourceTree = BUILT_PRODUCTS_DIR; };
		F7C909192351D684003F493B /* AppDelegate.swift */ = {isa = PBXFileReference; lastKnownFileType = sourcecode.swift; path = AppDelegate.swift; sourceTree = "<group>"; };
		F7C9091B2351D684003F493B /* SceneDelegate.swift */ = {isa = PBXFileReference; lastKnownFileType = sourcecode.swift; path = SceneDelegate.swift; sourceTree = "<group>"; };
		F7C9091D2351D684003F493B /* ContentView.swift */ = {isa = PBXFileReference; lastKnownFileType = sourcecode.swift; path = ContentView.swift; sourceTree = "<group>"; };
		F7C9091F2351D686003F493B /* Assets.xcassets */ = {isa = PBXFileReference; lastKnownFileType = folder.assetcatalog; path = Assets.xcassets; sourceTree = "<group>"; };
		F7C909222351D686003F493B /* Preview Assets.xcassets */ = {isa = PBXFileReference; lastKnownFileType = folder.assetcatalog; path = "Preview Assets.xcassets"; sourceTree = "<group>"; };
		F7C909252351D686003F493B /* Base */ = {isa = PBXFileReference; lastKnownFileType = file.storyboard; name = Base; path = Base.lproj/LaunchScreen.storyboard; sourceTree = "<group>"; };
		F7C909272351D686003F493B /* Info.plist */ = {isa = PBXFileReference; lastKnownFileType = text.plist.xml; path = Info.plist; sourceTree = "<group>"; };
/* End PBXFileReference section */

/* Begin PBXFrameworksBuildPhase section */
		F7C909132351D684003F493B /* Frameworks */ = {
			isa = PBXFrameworksBuildPhase;
			buildActionMask = 2147483647;
			files = (
			);
			runOnlyForDeploymentPostprocessing = 0;
		};
/* End PBXFrameworksBuildPhase section */

/* Begin PBXGroup section */
		F768773623522D4A007E41A4 /* Models */ = {
			isa = PBXGroup;
			children = (
				F768773D23522DDA007E41A4 /* Landmark.swift */,
				F768773723522D4A007E41A4 /* Data.swift */,
				F768773823522D4A007E41A4 /* landmarkData.json */,
			);
			path = Models;
			sourceTree = "<group>";
		};
		F7C9090D2351D684003F493B = {
			isa = PBXGroup;
			children = (
				F7C909182351D684003F493B /* Landmark */,
				F7C909172351D684003F493B /* Products */,
			);
			sourceTree = "<group>";
		};
		F7C909172351D684003F493B /* Products */ = {
			isa = PBXGroup;
			children = (
				F7C909162351D684003F493B /* Official.app */,
			);
			name = Products;
			sourceTree = "<group>";
		};
		F7C909182351D684003F493B /* Landmark */ = {
			isa = PBXGroup;
			children = (
				F7C909192351D684003F493B /* AppDelegate.swift */,
				F7C9091B2351D684003F493B /* SceneDelegate.swift */,
				F7C9091D2351D684003F493B /* ContentView.swift */,
				F7C9091F2351D686003F493B /* Assets.xcassets */,
				F780D17C23521A84005CC8EA /* CircleImage.swift */,
				F768773F23522E63007E41A4 /* LandmarkDetail.swift */,
				F780D17E23521B35005CC8EA /* MapView.swift */,
				F7C909242351D686003F493B /* LaunchScreen.storyboard */,
				F7C909272351D686003F493B /* Info.plist */,
				F768773623522D4A007E41A4 /* Models */,
				F7C909212351D686003F493B /* Preview Content */,
			);
			path = Landmark;
			sourceTree = "<group>";
		};
		F7C909212351D686003F493B /* Preview Content */ = {
			isa = PBXGroup;
			children = (
				F7C909222351D686003F493B /* Preview Assets.xcassets */,
			);
			path = "Preview Content";
			sourceTree = "<group>";
		};
/* End PBXGroup section */

/* Begin PBXNativeTarget section */
		F7C909152351D684003F493B /* Landmark */ = {
			isa = PBXNativeTarget;
			buildConfigurationList = F7C9092A2351D686003F493B /* Build configuration list for PBXNativeTarget "Landmark" */;
			buildPhases = (
				F7C909122351D684003F493B /* Sources */,
				F7C909132351D684003F493B /* Frameworks */,
				F7C909142351D684003F493B /* Resources */,
			);
			buildRules = (
			);
			dependencies = (
			);
			name = Landmark;
			productName = Landmark;
			productReference = F7C909162351D684003F493B /* Official.app */;
			productType = "com.apple.product-type.application";
		};
/* End PBXNativeTarget section */

/* Begin PBXProject section */
		F7C9090E2351D684003F493B /* Project object */ = {
			isa = PBXProject;
			attributes = {
				LastSwiftUpdateCheck = 1110;
				LastUpgradeCheck = 1110;
				ORGANIZATIONNAME = "Mike Liao";
				TargetAttributes = {
					F7C909152351D684003F493B = {
						CreatedOnToolsVersion = 11.1;
					};
				};
			};
			buildConfigurationList = F7C909112351D684003F493B /* Build configuration list for PBXProject "Landmark" */;
			compatibilityVersion = "Xcode 9.3";
			developmentRegion = en;
			hasScannedForEncodings = 0;
			knownRegions = (
				en,
				Base,
			);
			mainGroup = F7C9090D2351D684003F493B;
			productRefGroup = F7C909172351D684003F493B /* Products */;
			projectDirPath = "";
			projectRoot = "";
			targets = (
				F7C909152351D684003F493B /* Landmark */,
			);
		};
/* End PBXProject section */

/* Begin PBXResourcesBuildPhase section */
		F7C909142351D684003F493B /* Resources */ = {
			isa = PBXResourcesBuildPhase;
			buildActionMask = 2147483647;
			files = (
				F7C909262351D686003F493B /* LaunchScreen.storyboard in Resources */,
				F768773B23522D4A007E41A4 /* landmarkData.json in Resources */,
				F7C909232351D686003F493B /* Preview Assets.xcassets in Resources */,
				F7C909202351D686003F493B /* Assets.xcassets in Resources */,
			);
			runOnlyForDeploymentPostprocessing = 0;
		};
/* End PBXResourcesBuildPhase section */

/* Begin PBXSourcesBuildPhase section */
		F7C909122351D684003F493B /* Sources */ = {
			isa = PBXSourcesBuildPhase;
			buildActionMask = 2147483647;
			files = (
				F768773E23522DDA007E41A4 /* Landmark.swift in Sources */,
				F7C9091A2351D684003F493B /* AppDelegate.swift in Sources */,
				F768773A23522D4A007E41A4 /* Data.swift in Sources */,
				F780D17D23521A84005CC8EA /* CircleImage.swift in Sources */,
				F768774023522E63007E41A4 /* LandmarkDetail.swift in Sources */,
				F780D17F23521B35005CC8EA /* MapView.swift in Sources */,
				F7C9091C2351D684003F493B /* SceneDelegate.swift in Sources */,
				F7C9091E2351D684003F493B /* ContentView.swift in Sources */,
			);
			runOnlyForDeploymentPostprocessing = 0;
		};
/* End PBXSourcesBuildPhase section */

/* Begin PBXVariantGroup section */
		F7C909242351D686003F493B /* LaunchScreen.storyboard */ = {
			isa = PBXVariantGroup;
			children = (
				F7C909252351D686003F493B /* Base */,
			);
			name = LaunchScreen.storyboard;
			sourceTree = "<group>";
		};
/* End PBXVariantGroup section */

/* Begin XCBuildConfiguration section */
		F7C909282351D686003F493B /* Debug */ = {
			isa = XCBuildConfiguration;
			buildSettings = {
				ALWAYS_SEARCH_USER_PATHS = NO;
				CLANG_ANALYZER_NONNULL = YES;
				CLANG_ANALYZER_NUMBER_OBJECT_CONVERSION = YES_AGGRESSIVE;
				CLANG_CXX_LANGUAGE_STANDARD = "gnu++14";
				CLANG_CXX_LIBRARY = "libc++";
				CLANG_ENABLE_MODULES = YES;
				CLANG_ENABLE_OBJC_ARC = YES;
				CLANG_ENABLE_OBJC_WEAK = YES;
				CLANG_WARN_BLOCK_CAPTURE_AUTORELEASING = YES;
				CLANG_WARN_BOOL_CONVERSION = YES;
				CLANG_WARN_COMMA = YES;
				CLANG_WARN_CONSTANT_CONVERSION = YES;
				CLANG_WARN_DEPRECATED_OBJC_IMPLEMENTATIONS = YES;
				CLANG_WARN_DIRECT_OBJC_ISA_USAGE = YES_ERROR;
				CLANG_WARN_DOCUMENTATION_COMMENTS = YES;
				CLANG_WARN_EMPTY_BODY = YES;
				CLANG_WARN_ENUM_CONVERSION = YES;
				CLANG_WARN_INFINITE_RECURSION = YES;
				CLANG_WARN_INT_CONVERSION = YES;
				CLANG_WARN_NON_LITERAL_NULL_CONVERSION = YES;
				CLANG_WARN_OBJC_IMPLICIT_RETAIN_SELF = YES;
				CLANG_WARN_OBJC_LITERAL_CONVERSION = YES;
				CLANG_WARN_OBJC_ROOT_CLASS = YES_ERROR;
				CLANG_WARN_RANGE_LOOP_ANALYSIS = YES;
				CLANG_WARN_STRICT_PROTOTYPES = YES;
				CLANG_WARN_SUSPICIOUS_MOVE = YES;
				CLANG_WARN_UNGUARDED_AVAILABILITY = YES_AGGRESSIVE;
				CLANG_WARN_UNREACHABLE_CODE = YES;
				CLANG_WARN__DUPLICATE_METHOD_MATCH = YES;
				COPY_PHASE_STRIP = NO;
				DEBUG_INFORMATION_FORMAT = dwarf;
				ENABLE_STRICT_OBJC_MSGSEND = YES;
				ENABLE_TESTABILITY = YES;
				GCC_C_LANGUAGE_STANDARD = gnu11;
				GCC_DYNAMIC_NO_PIC = NO;
				GCC_NO_COMMON_BLOCKS = YES;
				GCC_OPTIMIZATION_LEVEL = 0;
				GCC_PREPROCESSOR_DEFINITIONS = (
					"DEBUG=1",
					"$(inherited)",
				);
				GCC_WARN_64_TO_32_BIT_CONVERSION = YES;
				GCC_WARN_ABOUT_RETURN_TYPE = YES_ERROR;
				GCC_WARN_UNDECLARED_SELECTOR = YES;
				GCC_WARN_UNINITIALIZED_AUTOS = YES_AGGRESSIVE;
				GCC_WARN_UNUSED_FUNCTION = YES;
				GCC_WARN_UNUSED_VARIABLE = YES;
				IPHONEOS_DEPLOYMENT_TARGET = 13.1;
				MTL_ENABLE_DEBUG_INFO = INCLUDE_SOURCE;
				MTL_FAST_MATH = YES;
				ONLY_ACTIVE_ARCH = YES;
				SDKROOT = iphoneos;
				SWIFT_ACTIVE_COMPILATION_CONDITIONS = DEBUG;
				SWIFT_OPTIMIZATION_LEVEL = "-Onone";
			};
			name = Debug;
		};
		F7C909292351D686003F493B /* Release */ = {
			isa = XCBuildConfiguration;
			buildSettings = {
				ALWAYS_SEARCH_USER_PATHS = NO;
				CLANG_ANALYZER_NONNULL = YES;
				CLANG_ANALYZER_NUMBER_OBJECT_CONVERSION = YES_AGGRESSIVE;
				CLANG_CXX_LANGUAGE_STANDARD = "gnu++14";
				CLANG_CXX_LIBRARY = "libc++";
				CLANG_ENABLE_MODULES = YES;
				CLANG_ENABLE_OBJC_ARC = YES;
				CLANG_ENABLE_OBJC_WEAK = YES;
				CLANG_WARN_BLOCK_CAPTURE_AUTORELEASING = YES;
				CLANG_WARN_BOOL_CONVERSION = YES;
				CLANG_WARN_COMMA = YES;
				CLANG_WARN_CONSTANT_CONVERSION = YES;
				CLANG_WARN_DEPRECATED_OBJC_IMPLEMENTATIONS = YES;
				CLANG_WARN_DIRECT_OBJC_ISA_USAGE = YES_ERROR;
				CLANG_WARN_DOCUMENTATION_COMMENTS = YES;
				CLANG_WARN_EMPTY_BODY = YES;
				CLANG_WARN_ENUM_CONVERSION = YES;
				CLANG_WARN_INFINITE_RECURSION = YES;
				CLANG_WARN_INT_CONVERSION = YES;
				CLANG_WARN_NON_LITERAL_NULL_CONVERSION = YES;
				CLANG_WARN_OBJC_IMPLICIT_RETAIN_SELF = YES;
				CLANG_WARN_OBJC_LITERAL_CONVERSION = YES;
				CLANG_WARN_OBJC_ROOT_CLASS = YES_ERROR;
				CLANG_WARN_RANGE_LOOP_ANALYSIS = YES;
				CLANG_WARN_STRICT_PROTOTYPES = YES;
				CLANG_WARN_SUSPICIOUS_MOVE = YES;
				CLANG_WARN_UNGUARDED_AVAILABILITY = YES_AGGRESSIVE;
				CLANG_WARN_UNREACHABLE_CODE = YES;
				CLANG_WARN__DUPLICATE_METHOD_MATCH = YES;
				COPY_PHASE_STRIP = NO;
				DEBUG_INFORMATION_FORMAT = "dwarf-with-dsym";
				ENABLE_NS_ASSERTIONS = NO;
				ENABLE_STRICT_OBJC_MSGSEND = YES;
				GCC_C_LANGUAGE_STANDARD = gnu11;
				GCC_NO_COMMON_BLOCKS = YES;
				GCC_WARN_64_TO_32_BIT_CONVERSION = YES;
				GCC_WARN_ABOUT_RETURN_TYPE = YES_ERROR;
				GCC_WARN_UNDECLARED_SELECTOR = YES;
				GCC_WARN_UNINITIALIZED_AUTOS = YES_AGGRESSIVE;
				GCC_WARN_UNUSED_FUNCTION = YES;
				GCC_WARN_UNUSED_VARIABLE = YES;
				IPHONEOS_DEPLOYMENT_TARGET = 13.1;
				MTL_ENABLE_DEBUG_INFO = NO;
				MTL_FAST_MATH = YES;
				SDKROOT = iphoneos;
				SWIFT_COMPILATION_MODE = wholemodule;
				SWIFT_OPTIMIZATION_LEVEL = "-O";
				VALIDATE_PRODUCT = YES;
			};
			name = Release;
		};
		F7C9092B2351D686003F493B /* Debug */ = {
			isa = XCBuildConfiguration;
			buildSettings = {
				ASSETCATALOG_COMPILER_APPICON_NAME = AppIcon;
				CODE_SIGN_STYLE = Automatic;
				DEVELOPMENT_ASSET_PATHS = "\"Landmark/Preview Content\"";
				DEVELOPMENT_TEAM = Z8GJU5XTY3;
				ENABLE_PREVIEWS = YES;
				INFOPLIST_FILE = Landmark/Info.plist;
				LD_RUNPATH_SEARCH_PATHS = (
					"$(inherited)",
					"@executable_path/Frameworks",
				);
				PRODUCT_BUNDLE_IDENTIFIER = ml.Official;
				PRODUCT_NAME = Official;
				SWIFT_VERSION = 5.0;
				TARGETED_DEVICE_FAMILY = "1,2";
			};
			name = Debug;
		};
		F7C9092C2351D686003F493B /* Release */ = {
			isa = XCBuildConfiguration;
			buildSettings = {
				ASSETCATALOG_COMPILER_APPICON_NAME = AppIcon;
				CODE_SIGN_STYLE = Automatic;
				DEVELOPMENT_ASSET_PATHS = "\"Landmark/Preview Content\"";
				DEVELOPMENT_TEAM = Z8GJU5XTY3;
				ENABLE_PREVIEWS = YES;
				INFOPLIST_FILE = Landmark/Info.plist;
				LD_RUNPATH_SEARCH_PATHS = (
					"$(inherited)",
					"@executable_path/Frameworks",
				);
				PRODUCT_BUNDLE_IDENTIFIER = ml.Official;
				PRODUCT_NAME = Official;
				SWIFT_VERSION = 5.0;
				TARGETED_DEVICE_FAMILY = "1,2";
			};
			name = Release;
		};
/* End XCBuildConfiguration section */

/* Begin XCConfigurationList section */
		F7C909112351D684003F493B /* Build configuration list for PBXProject "Landmark" */ = {
			isa = XCConfigurationList;
			buildConfigurations = (
				F7C909282351D686003F493B /* Debug */,
				F7C909292351D686003F493B /* Release */,
			);
			defaultConfigurationIsVisible = 0;
			defaultConfigurationName = Release;
		};
		F7C9092A2351D686003F493B /* Build configuration list for PBXNativeTarget "Landmark" */ = {
			isa = XCConfigurationList;
			buildConfigurations = (
				F7C9092B2351D686003F493B /* Debug */,
				F7C9092C2351D686003F493B /* Release */,
			);
			defaultConfigurationIsVisible = 0;
			defaultConfigurationName = Release;
		};
/* End XCConfigurationList section */
	};
	rootObject = F7C9090E2351D684003F493B /* Project object */;
}
